
Microsoft Visual Studio Solution File, Format Version 12.00
# Visual Studio 15
VisualStudioVersion = 15.0.28307.1082
MinimumVisualStudioVersion = 10.0.40219.1
Project("{FAE04EC0-301F-11D3-BF4B-00C04F79EFBC}") = "CompleteCsharp", "CompleteCsharp\CompleteCsharp.csproj", "{BDAAE689-C435-4307-93FB-B374D652ACCB}"
EndProject
Global
	GlobalSection(SolutionConfigurationPlatforms) = preSolution
		Debug|Any CPU = Debug|Any CPU
		Release|Any CPU = Release|Any CPU
	EndGlobalSection
	GlobalSection(ProjectConfigurationPlatforms) = postSolution
		{BDAAE689-C435-4307-93FB-B374D652ACCB}.Debug|Any CPU.ActiveCfg = Debug|Any CPU
		{BDAAE689-C435-4307-93FB-B374D652ACCB}.Debug|Any CPU.Build.0 = Debug|Any CPU
		{BDAAE689-C435-4307-93FB-B374D652ACCB}.Release|Any CPU.ActiveCfg = Release|Any CPU
		{BDAAE689-C435-4307-93FB-B374D652ACCB}.Release|Any CPU.Build.0 = Release|Any CPU
	EndGlobalSection
	GlobalSection(SolutionProperties) = preSolution
		HideSolutionNode = FALSE
	EndGlobalSection
	GlobalSection(ExtensibilityGlobals) = postSolution
		SolutionGuid = {CB158EC8-77DD-48BE-993F-1B9E196C7D2F}
	EndGlobalSection
EndGlobal
